
Microsoft Visual Studio Solution File, Format Version 12.00
# Visual Studio Version 16
VisualStudioVersion = 16.0.33214.272
MinimumVisualStudioVersion = 10.0.40219.1
Project("{9A19103F-16F7-4668-BE54-9A1E7A4F7556}") = "HWiNFO64", "HWiNFO64.csproj", "{88A85148-A6AD-4167-A6F5-F18ED7707E0D}"
EndProject
Global
	GlobalSection(SolutionConfigurationPlatforms) = preSolution
		Debug|Any CPU = Debug|Any CPU
		Debug|x64 = Debug|x64
		Release|Any CPU = Release|Any CPU
		Release|x64 = Release|x64
	EndGlobalSection
	GlobalSection(ProjectConfigurationPlatforms) = postSolution
		{88A85148-A6AD-4167-A6F5-F18ED7707E0D}.Debug|Any CPU.ActiveCfg = Debug|Any CPU
		{88A85148-A6AD-4167-A6F5-F18ED7707E0D}.Debug|Any CPU.Build.0 = Debug|Any CPU
		{88A85148-A6AD-4167-A6F5-F18ED7707E0D}.Debug|x64.ActiveCfg = Debug|x64
		{88A85148-A6AD-4167-A6F5-F18ED7707E0D}.Debug|x64.Build.0 = Debug|x64
		{88A85148-A6AD-4167-A6F5-F18ED7707E0D}.Release|Any CPU.ActiveCfg = Release|Any CPU
		{88A85148-A6AD-4167-A6F5-F18ED7707E0D}.Release|Any CPU.Build.0 = Release|Any CPU
		{88A85148-A6AD-4167-A6F5-F18ED7707E0D}.Release|x64.ActiveCfg = Release|x64
		{88A85148-A6AD-4167-A6F5-F18ED7707E0D}.Release|x64.Build.0 = Release|x64
	EndGlobalSection
	GlobalSection(SolutionProperties) = preSolution
		HideSolutionNode = FALSE
	EndGlobalSection
	GlobalSection(ExtensibilityGlobals) = postSolution
		SolutionGuid = {004A5C25-CE20-467B-A45E-FE22C8236A6A}
	EndGlobalSection
EndGlobal
